
Microsoft Visual Studio Solution File, Format Version 12.00
# Visual Studio Version 16
VisualStudioVersion = 16.0.30717.126
MinimumVisualStudioVersion = 10.0.40219.1
Project("{FAE04EC0-301F-11D3-BF4B-00C04F79EFBC}") = "TUnderdark", "TUnderdark\TUnderdark.csproj", "{80F5C562-9E81-443A-8B71-274EA9BDF971}"
EndProject
Global
	GlobalSection(SolutionConfigurationPlatforms) = preSolution
		Debug|Any CPU = Debug|Any CPU
		Release|Any CPU = Release|Any CPU
	EndGlobalSection
	GlobalSection(ProjectConfigurationPlatforms) = postSolution
		{80F5C562-9E81-443A-8B71-274EA9BDF971}.Debug|Any CPU.ActiveCfg = Debug|Any CPU
		{80F5C562-9E81-443A-8B71-274EA9BDF971}.Debug|Any CPU.Build.0 = Debug|Any CPU
		{80F5C562-9E81-443A-8B71-274EA9BDF971}.Release|Any CPU.ActiveCfg = Release|Any CPU
		{80F5C562-9E81-443A-8B71-274EA9BDF971}.Release|Any CPU.Build.0 = Release|Any CPU
	EndGlobalSection
	GlobalSection(SolutionProperties) = preSolution
		HideSolutionNode = FALSE
	EndGlobalSection
	GlobalSection(ExtensibilityGlobals) = postSolution
		SolutionGuid = {9F787664-54F3-4BD2-A2F5-33671E883EC3}
	EndGlobalSection
EndGlobal
